
Microsoft Visual Studio Solution File, Format Version 12.00
# Visual Studio 15
VisualStudioVersion = 15.0.27703.1
MinimumVisualStudioVersion = 10.0.40219.1
Project("{9A19103F-16F7-4668-BE54-9A1E7A4F7556}") = "MyBot", "MyBot\MyBot.csproj", "{023F29C1-0781-4AC5-880F-8806F39ED376}"
EndProject
Project("{2150E333-8FDC-42A3-9474-1A3956D46DE8}") = "PL", "PL", "{2122F277-57EF-47B7-817F-D51907728235}"
EndProject
Project("{2150E333-8FDC-42A3-9474-1A3956D46DE8}") = "DAL", "DAL", "{58DA1BAE-08AD-4EB3-91B9-00F014A5EE30}"
EndProject
Project("{2150E333-8FDC-42A3-9474-1A3956D46DE8}") = "Entities", "Entities", "{FD46D76A-9EC1-44FB-BFF7-9FEAA1DFADA9}"
EndProject
Project("{2150E333-8FDC-42A3-9474-1A3956D46DE8}") = "BLL", "BLL", "{F3EDA44A-A82D-4EA0-925B-47B8B4E52FAA}"
EndProject
Project("{9A19103F-16F7-4668-BE54-9A1E7A4F7556}") = "MyBot.Entities", "MyBot.Entities\MyBot.Entities.csproj", "{CCA3251D-1461-4EDF-A2FA-1E6B4B6B9995}"
EndProject
Project("{9A19103F-16F7-4668-BE54-9A1E7A4F7556}") = "MyBot.DAL.Contracts", "MyBot.DAL\MyBot.DAL.Contracts.csproj", "{9B5CF8CF-515B-4AA9-BD44-C51AF8928AE9}"
EndProject
Project("{9A19103F-16F7-4668-BE54-9A1E7A4F7556}") = "MyBot.BLL.Core", "MyBot.BLL.Core\MyBot.BLL.Core.csproj", "{ACE084CD-17B5-49A9-B7BE-D8D41CA187C1}"
EndProject
Project("{9A19103F-16F7-4668-BE54-9A1E7A4F7556}") = "MyBot.DAL.EF", "MyBot.DAL.EF\MyBot.DAL.EF.csproj", "{019881A8-C602-4C0C-B07B-272618267726}"
EndProject
Project("{9A19103F-16F7-4668-BE54-9A1E7A4F7556}") = "MyBot.BLL.Contracts", "MyBot.BLL.Contracts\MyBot.BLL.Contracts.csproj", "{6DD81273-0580-4DF6-9105-265CE7C33192}"
EndProject
Global
	GlobalSection(SolutionConfigurationPlatforms) = preSolution
		Debug|Any CPU = Debug|Any CPU
		Release|Any CPU = Release|Any CPU
	EndGlobalSection
	GlobalSection(ProjectConfigurationPlatforms) = postSolution
		{023F29C1-0781-4AC5-880F-8806F39ED376}.Debug|Any CPU.ActiveCfg = Debug|Any CPU
		{023F29C1-0781-4AC5-880F-8806F39ED376}.Debug|Any CPU.Build.0 = Debug|Any CPU
		{023F29C1-0781-4AC5-880F-8806F39ED376}.Release|Any CPU.ActiveCfg = Release|Any CPU
		{023F29C1-0781-4AC5-880F-8806F39ED376}.Release|Any CPU.Build.0 = Release|Any CPU
		{CCA3251D-1461-4EDF-A2FA-1E6B4B6B9995}.Debug|Any CPU.ActiveCfg = Debug|Any CPU
		{CCA3251D-1461-4EDF-A2FA-1E6B4B6B9995}.Debug|Any CPU.Build.0 = Debug|Any CPU
		{CCA3251D-1461-4EDF-A2FA-1E6B4B6B9995}.Release|Any CPU.ActiveCfg = Release|Any CPU
		{CCA3251D-1461-4EDF-A2FA-1E6B4B6B9995}.Release|Any CPU.Build.0 = Release|Any CPU
		{9B5CF8CF-515B-4AA9-BD44-C51AF8928AE9}.Debug|Any CPU.ActiveCfg = Debug|Any CPU
		{9B5CF8CF-515B-4AA9-BD44-C51AF8928AE9}.Debug|Any CPU.Build.0 = Debug|Any CPU
		{9B5CF8CF-515B-4AA9-BD44-C51AF8928AE9}.Release|Any CPU.ActiveCfg = Release|Any CPU
		{9B5CF8CF-515B-4AA9-BD44-C51AF8928AE9}.Release|Any CPU.Build.0 = Release|Any CPU
		{ACE084CD-17B5-49A9-B7BE-D8D41CA187C1}.Debug|Any CPU.ActiveCfg = Debug|Any CPU
		{ACE084CD-17B5-49A9-B7BE-D8D41CA187C1}.Debug|Any CPU.Build.0 = Debug|Any CPU
		{ACE084CD-17B5-49A9-B7BE-D8D41CA187C1}.Release|Any CPU.ActiveCfg = Release|Any CPU
		{ACE084CD-17B5-49A9-B7BE-D8D41CA187C1}.Release|Any CPU.Build.0 = Release|Any CPU
		{019881A8-C602-4C0C-B07B-272618267726}.Debug|Any CPU.ActiveCfg = Debug|Any CPU
		{019881A8-C602-4C0C-B07B-272618267726}.Debug|Any CPU.Build.0 = Debug|Any CPU
		{019881A8-C602-4C0C-B07B-272618267726}.Release|Any CPU.ActiveCfg = Release|Any CPU
		{019881A8-C602-4C0C-B07B-272618267726}.Release|Any CPU.Build.0 = Release|Any CPU
		{6DD81273-0580-4DF6-9105-265CE7C33192}.Debug|Any CPU.ActiveCfg = Debug|Any CPU
		{6DD81273-0580-4DF6-9105-265CE7C33192}.Debug|Any CPU.Build.0 = Debug|Any CPU
		{6DD81273-0580-4DF6-9105-265CE7C33192}.Release|Any CPU.ActiveCfg = Release|Any CPU
		{6DD81273-0580-4DF6-9105-265CE7C33192}.Release|Any CPU.Build.0 = Release|Any CPU
	EndGlobalSection
	GlobalSection(SolutionProperties) = preSolution
		HideSolutionNode = FALSE
	EndGlobalSection
	GlobalSection(NestedProjects) = preSolution
		{023F29C1-0781-4AC5-880F-8806F39ED376} = {2122F277-57EF-47B7-817F-D51907728235}
		{CCA3251D-1461-4EDF-A2FA-1E6B4B6B9995} = {FD46D76A-9EC1-44FB-BFF7-9FEAA1DFADA9}
		{9B5CF8CF-515B-4AA9-BD44-C51AF8928AE9} = {58DA1BAE-08AD-4EB3-91B9-00F014A5EE30}
		{ACE084CD-17B5-49A9-B7BE-D8D41CA187C1} = {F3EDA44A-A82D-4EA0-925B-47B8B4E52FAA}
		{019881A8-C602-4C0C-B07B-272618267726} = {58DA1BAE-08AD-4EB3-91B9-00F014A5EE30}
		{6DD81273-0580-4DF6-9105-265CE7C33192} = {F3EDA44A-A82D-4EA0-925B-47B8B4E52FAA}
	EndGlobalSection
	GlobalSection(ExtensibilityGlobals) = postSolution
		SolutionGuid = {B6A1CD00-57C6-4454-84C0-895A802E0CBF}
	EndGlobalSection
EndGlobal
